github.com/andlabs/ui v0.0.0-20180902183112-867a9e5a498d h1:4ianvxb8s3oyizgjuWWxGuTAUU+6JStcvj6BuHS4PVY=
github.com/andlabs/ui v0.0.0-20180902183112-867a9e5a498d/go.mod h1:5G2EjwzgZUPnnReoKvPWVneT8APYbyKkihDVAHUi0II=
github.com/dchest/blake2b v1.0.0 h1:KK9LimVmE0MjRl9095XJmKqZ+iLxWATvlcpVFRtaw6s=
github.com/dchest/blake2b v1.0.0/go.mod h1:U034kXgbJpCle2wSk5ybGIVhOSHCVLMDqOzcPEA0F7s=
github.com/dchest/blake2s v1.0.0 h1:gHCBR8ecSImY/Nwk7X0Q2KJAJcpI/HSkUAQDi8MCP4Q=
github.com/dchest/blake2s v1.0.0/go.mod h1:GrKn2Lc4hWqAwRrbneYuvZ6kugiJMrjk3HHtcJkEhbs=
